
Microsoft Visual Studio Solution File, Format Version 12.00
# Visual Studio Version 16
VisualStudioVersion = 16.0.29326.143
MinimumVisualStudioVersion = 10.0.40219.1
Project("{FAE04EC0-301F-11D3-BF4B-00C04F79EFBC}") = "AccountingApp.Model", "AccountingApp.Model\AccountingApp.Model.csproj", "{8694688F-9ED1-46EF-B6AE-6D906A2C8015}"
EndProject
Project("{FAE04EC0-301F-11D3-BF4B-00C04F79EFBC}") = "AccountingApp.EF", "AccountingApp.EF\AccountingApp.EF.csproj", "{98FD6249-0FA9-421C-8A33-CA25D5F17EA5}"
EndProject
Project("{FAE04EC0-301F-11D3-BF4B-00C04F79EFBC}") = "AccountingApp.Dao", "AccountingApp.Dao\AccountingApp.Dao.csproj", "{2B59D971-0B6B-42D0-809F-2B07B8759B0C}"
	ProjectSection(ProjectDependencies) = postProject
		{8694688F-9ED1-46EF-B6AE-6D906A2C8015} = {8694688F-9ED1-46EF-B6AE-6D906A2C8015}
	EndProjectSection
EndProject
Project("{FAE04EC0-301F-11D3-BF4B-00C04F79EFBC}") = "AccountingApp.Console", "AccountingApp.Console\AccountingApp.Console.csproj", "{948AECEC-0093-4E75-ADAE-0F8F676B5C0F}"
EndProject
Project("{FAE04EC0-301F-11D3-BF4B-00C04F79EFBC}") = "AccountingApp.Logic", "AccountingApp.Logic\AccountingApp.Logic.csproj", "{D54ECEFD-6E84-4430-B79C-B416195F41BE}"
EndProject
Project("{FAE04EC0-301F-11D3-BF4B-00C04F79EFBC}") = "AccountingApp.WCF", "AccountingApp.WCF\AccountingApp.WCF.csproj", "{BEE878B9-0839-4761-B926-26B977219F8D}"
EndProject
Global
	GlobalSection(SolutionConfigurationPlatforms) = preSolution
		Debug|Any CPU = Debug|Any CPU
		Release|Any CPU = Release|Any CPU
	EndGlobalSection
	GlobalSection(ProjectConfigurationPlatforms) = postSolution
		{8694688F-9ED1-46EF-B6AE-6D906A2C8015}.Debug|Any CPU.ActiveCfg = Debug|Any CPU
		{8694688F-9ED1-46EF-B6AE-6D906A2C8015}.Debug|Any CPU.Build.0 = Debug|Any CPU
		{8694688F-9ED1-46EF-B6AE-6D906A2C8015}.Release|Any CPU.ActiveCfg = Release|Any CPU
		{8694688F-9ED1-46EF-B6AE-6D906A2C8015}.Release|Any CPU.Build.0 = Release|Any CPU
		{98FD6249-0FA9-421C-8A33-CA25D5F17EA5}.Debug|Any CPU.ActiveCfg = Debug|Any CPU
		{98FD6249-0FA9-421C-8A33-CA25D5F17EA5}.Debug|Any CPU.Build.0 = Debug|Any CPU
		{98FD6249-0FA9-421C-8A33-CA25D5F17EA5}.Release|Any CPU.ActiveCfg = Release|Any CPU
		{98FD6249-0FA9-421C-8A33-CA25D5F17EA5}.Release|Any CPU.Build.0 = Release|Any CPU
		{2B59D971-0B6B-42D0-809F-2B07B8759B0C}.Debug|Any CPU.ActiveCfg = Debug|Any CPU
		{2B59D971-0B6B-42D0-809F-2B07B8759B0C}.Debug|Any CPU.Build.0 = Debug|Any CPU
		{2B59D971-0B6B-42D0-809F-2B07B8759B0C}.Release|Any CPU.ActiveCfg = Release|Any CPU
		{2B59D971-0B6B-42D0-809F-2B07B8759B0C}.Release|Any CPU.Build.0 = Release|Any CPU
		{948AECEC-0093-4E75-ADAE-0F8F676B5C0F}.Debug|Any CPU.ActiveCfg = Debug|Any CPU
		{948AECEC-0093-4E75-ADAE-0F8F676B5C0F}.Debug|Any CPU.Build.0 = Debug|Any CPU
		{948AECEC-0093-4E75-ADAE-0F8F676B5C0F}.Release|Any CPU.ActiveCfg = Release|Any CPU
		{948AECEC-0093-4E75-ADAE-0F8F676B5C0F}.Release|Any CPU.Build.0 = Release|Any CPU
		{D54ECEFD-6E84-4430-B79C-B416195F41BE}.Debug|Any CPU.ActiveCfg = Debug|Any CPU
		{D54ECEFD-6E84-4430-B79C-B416195F41BE}.Debug|Any CPU.Build.0 = Debug|Any CPU
		{D54ECEFD-6E84-4430-B79C-B416195F41BE}.Release|Any CPU.ActiveCfg = Release|Any CPU
		{D54ECEFD-6E84-4430-B79C-B416195F41BE}.Release|Any CPU.Build.0 = Release|Any CPU
		{BEE878B9-0839-4761-B926-26B977219F8D}.Debug|Any CPU.ActiveCfg = Debug|Any CPU
		{BEE878B9-0839-4761-B926-26B977219F8D}.Debug|Any CPU.Build.0 = Debug|Any CPU
		{BEE878B9-0839-4761-B926-26B977219F8D}.Release|Any CPU.ActiveCfg = Release|Any CPU
		{BEE878B9-0839-4761-B926-26B977219F8D}.Release|Any CPU.Build.0 = Release|Any CPU
	EndGlobalSection
	GlobalSection(SolutionProperties) = preSolution
		HideSolutionNode = FALSE
	EndGlobalSection
	GlobalSection(ExtensibilityGlobals) = postSolution
		SolutionGuid = {E0280CFB-1F65-4C5D-A018-A535105CAFAC}
	EndGlobalSection
EndGlobal
